{
    "requires": true,
    "lockfileVersion": 1,
    "dependencies": {
        "is-valid-domain": {
            "version": "0.0.14",
            "resolved": "https://registry.npmjs.org/is-valid-domain/-/is-valid-domain-0.0.14.tgz",
            "integrity": "sha512-MTUz/3y25zTtutAfwrLyFK+1l2IL4bcq2iHVdYHIPQbvBJLunlYu9dsQdtLwD9HKPDyxCDlKnSbGcRwvjVeCxA=="
        }
    }
}
